
Microsoft Visual Studio Solution File, Format Version 12.00
# Visual Studio Version 17
VisualStudioVersion = 17.8.34511.84
MinimumVisualStudioVersion = 10.0.40219.1
Project("{FAE04EC0-301F-11D3-BF4B-00C04F79EFBC}") = "SocialNetworkApp", "SocialNetworkApp\SocialNetworkApp.csproj", "{D6CF80C9-5084-45E3-8D58-B396186DC8E1}"
EndProject
Global
	GlobalSection(SolutionConfigurationPlatforms) = preSolution
		Debug|Any CPU = Debug|Any CPU
		Release|Any CPU = Release|Any CPU
	EndGlobalSection
	GlobalSection(ProjectConfigurationPlatforms) = postSolution
		{D6CF80C9-5084-45E3-8D58-B396186DC8E1}.Debug|Any CPU.ActiveCfg = Debug|Any CPU
		{D6CF80C9-5084-45E3-8D58-B396186DC8E1}.Debug|Any CPU.Build.0 = Debug|Any CPU
		{D6CF80C9-5084-45E3-8D58-B396186DC8E1}.Release|Any CPU.ActiveCfg = Release|Any CPU
		{D6CF80C9-5084-45E3-8D58-B396186DC8E1}.Release|Any CPU.Build.0 = Release|Any CPU
	EndGlobalSection
	GlobalSection(SolutionProperties) = preSolution
		HideSolutionNode = FALSE
	EndGlobalSection
	GlobalSection(ExtensibilityGlobals) = postSolution
		SolutionGuid = {A5618D7F-5B7F-4871-9CC4-E226C4CBCAAB}
	EndGlobalSection
EndGlobal
